
Microsoft Visual Studio Solution File, Format Version 12.00
# Visual Studio 14
VisualStudioVersion = 14.0.23107.0
MinimumVisualStudioVersion = 10.0.40219.1
Project("{2150E333-8FDC-42A3-9474-1A3956D46DE8}") = "0 Common", "0 Common", "{6A7E828F-7F0C-446A-A521-01A05167EC0C}"
EndProject
Project("{2150E333-8FDC-42A3-9474-1A3956D46DE8}") = "1 Presentation", "1 Presentation", "{13FBBBD6-FA3C-4FA9-9976-F7944A17C956}"
EndProject
Project("{2150E333-8FDC-42A3-9474-1A3956D46DE8}") = "2 Service", "2 Service", "{8736B7F4-DF30-4B81-88B8-12EA80800EA3}"
EndProject
Project("{2150E333-8FDC-42A3-9474-1A3956D46DE8}") = "3 BLL", "3 BLL", "{040A178F-C952-47BD-9DA6-8BF4210ABAFA}"
EndProject
Project("{2150E333-8FDC-42A3-9474-1A3956D46DE8}") = "4 DAL", "4 DAL", "{802FE4FF-CA15-4DAF-94CD-C96E9EBA282F}"
EndProject
Project("{2150E333-8FDC-42A3-9474-1A3956D46DE8}") = "5 Test", "5 Test", "{FCE872F9-5CF3-4878-A92E-AF0AAA971706}"
EndProject
Project("{FAE04EC0-301F-11D3-BF4B-00C04F79EFBC}") = "OpenQbit.EnventShedule.Common.Models", "OpenQbit.EnventShedule.Common.Models\OpenQbit.EnventShedule.Common.Models.csproj", "{D8F54BC4-08D9-40D5-AC39-0D0622F4EC48}"
EndProject
Global
	GlobalSection(SolutionConfigurationPlatforms) = preSolution
		Debug|Any CPU = Debug|Any CPU
		Release|Any CPU = Release|Any CPU
	EndGlobalSection
	GlobalSection(ProjectConfigurationPlatforms) = postSolution
		{D8F54BC4-08D9-40D5-AC39-0D0622F4EC48}.Debug|Any CPU.ActiveCfg = Debug|Any CPU
		{D8F54BC4-08D9-40D5-AC39-0D0622F4EC48}.Debug|Any CPU.Build.0 = Debug|Any CPU
		{D8F54BC4-08D9-40D5-AC39-0D0622F4EC48}.Release|Any CPU.ActiveCfg = Release|Any CPU
		{D8F54BC4-08D9-40D5-AC39-0D0622F4EC48}.Release|Any CPU.Build.0 = Release|Any CPU
	EndGlobalSection
	GlobalSection(SolutionProperties) = preSolution
		HideSolutionNode = FALSE
	EndGlobalSection
	GlobalSection(NestedProjects) = preSolution
		{D8F54BC4-08D9-40D5-AC39-0D0622F4EC48} = {6A7E828F-7F0C-446A-A521-01A05167EC0C}
	EndGlobalSection
EndGlobal
