
Microsoft Visual Studio Solution File, Format Version 12.00
# Visual Studio 14
VisualStudioVersion = 14.0.23107.0
MinimumVisualStudioVersion = 10.0.40219.1
Project("{2150E333-8FDC-42A3-9474-1A3956D46DE8}") = "0 Common", "0 Common", "{6A7E828F-7F0C-446A-A521-01A05167EC0C}"
EndProject
Project("{2150E333-8FDC-42A3-9474-1A3956D46DE8}") = "1 Presentation", "1 Presentation", "{13FBBBD6-FA3C-4FA9-9976-F7944A17C956}"
EndProject
Project("{2150E333-8FDC-42A3-9474-1A3956D46DE8}") = "2 Service", "2 Service", "{8736B7F4-DF30-4B81-88B8-12EA80800EA3}"
EndProject
Project("{2150E333-8FDC-42A3-9474-1A3956D46DE8}") = "3 BLL", "3 BLL", "{040A178F-C952-47BD-9DA6-8BF4210ABAFA}"
EndProject
Project("{2150E333-8FDC-42A3-9474-1A3956D46DE8}") = "4 DAL", "4 DAL", "{802FE4FF-CA15-4DAF-94CD-C96E9EBA282F}"
EndProject
Project("{2150E333-8FDC-42A3-9474-1A3956D46DE8}") = "5 Test", "5 Test", "{FCE872F9-5CF3-4878-A92E-AF0AAA971706}"
EndProject
Project("{FAE04EC0-301F-11D3-BF4B-00C04F79EFBC}") = "OpenQbit.EventShedule.DataAccess.DAL", "OpenQbit.EventShedule.DataAccess.DAL\OpenQbit.EventShedule.DataAccess.DAL.csproj", "{824EA488-50B0-410B-BB74-B710AE4BD711}"
EndProject
Project("{FAE04EC0-301F-11D3-BF4B-00C04F79EFBC}") = "OpenQbit.EventShedule.Common.Models", "OpenQbit.EnventShedule.Common.Models\OpenQbit.EventShedule.Common.Models.csproj", "{29DE09C2-77FB-4915-9AB8-28C232289800}"
EndProject
Project("{FAE04EC0-301F-11D3-BF4B-00C04F79EFBC}") = "OpenQbit.EventShedule.Service.WebAPI", "OpenQbit.EventShedule.Service.WebAPI\OpenQbit.EventShedule.Service.WebAPI.csproj", "{50B673CA-FF22-4D93-96D0-1EACAC380CB4}"
EndProject
Project("{FAE04EC0-301F-11D3-BF4B-00C04F79EFBC}") = "OpenQbit.EventShedule.BLL", "OpenQbit.EventShedule.BLL\OpenQbit.EventShedule.BLL.csproj", "{DF77D852-A680-47DE-8F83-8B78A90F608A}"
EndProject
Project("{FAE04EC0-301F-11D3-BF4B-00C04F79EFBC}") = "OpenQbit.EventShedule.BLL.Contracts", "OpenQbit.EventShedule.BLL.Contracts\OpenQbit.EventShedule.BLL.Contracts.csproj", "{8DE7B2C3-9FCE-41E3-A7AD-1AA4306915A2}"
EndProject
Project("{FAE04EC0-301F-11D3-BF4B-00C04F79EFBC}") = "OpenQbit.EventShedule.DataAccess.DAL.Contracts", "OpenQbit.EventShedule.DataAccess.DAL.Contracts\OpenQbit.EventShedule.DataAccess.DAL.Contracts.csproj", "{EE32A62E-A67A-491D-A7A7-01FE414ED30C}"
EndProject
Global
	GlobalSection(SolutionConfigurationPlatforms) = preSolution
		Debug|Any CPU = Debug|Any CPU
		Release|Any CPU = Release|Any CPU
	EndGlobalSection
	GlobalSection(ProjectConfigurationPlatforms) = postSolution
		{824EA488-50B0-410B-BB74-B710AE4BD711}.Debug|Any CPU.ActiveCfg = Debug|Any CPU
		{824EA488-50B0-410B-BB74-B710AE4BD711}.Debug|Any CPU.Build.0 = Debug|Any CPU
		{824EA488-50B0-410B-BB74-B710AE4BD711}.Release|Any CPU.ActiveCfg = Release|Any CPU
		{824EA488-50B0-410B-BB74-B710AE4BD711}.Release|Any CPU.Build.0 = Release|Any CPU
		{29DE09C2-77FB-4915-9AB8-28C232289800}.Debug|Any CPU.ActiveCfg = Debug|Any CPU
		{29DE09C2-77FB-4915-9AB8-28C232289800}.Debug|Any CPU.Build.0 = Debug|Any CPU
		{29DE09C2-77FB-4915-9AB8-28C232289800}.Release|Any CPU.ActiveCfg = Release|Any CPU
		{29DE09C2-77FB-4915-9AB8-28C232289800}.Release|Any CPU.Build.0 = Release|Any CPU
		{50B673CA-FF22-4D93-96D0-1EACAC380CB4}.Debug|Any CPU.ActiveCfg = Debug|Any CPU
		{50B673CA-FF22-4D93-96D0-1EACAC380CB4}.Debug|Any CPU.Build.0 = Debug|Any CPU
		{50B673CA-FF22-4D93-96D0-1EACAC380CB4}.Release|Any CPU.ActiveCfg = Release|Any CPU
		{50B673CA-FF22-4D93-96D0-1EACAC380CB4}.Release|Any CPU.Build.0 = Release|Any CPU
		{DF77D852-A680-47DE-8F83-8B78A90F608A}.Debug|Any CPU.ActiveCfg = Debug|Any CPU
		{DF77D852-A680-47DE-8F83-8B78A90F608A}.Debug|Any CPU.Build.0 = Debug|Any CPU
		{DF77D852-A680-47DE-8F83-8B78A90F608A}.Release|Any CPU.ActiveCfg = Release|Any CPU
		{DF77D852-A680-47DE-8F83-8B78A90F608A}.Release|Any CPU.Build.0 = Release|Any CPU
		{8DE7B2C3-9FCE-41E3-A7AD-1AA4306915A2}.Debug|Any CPU.ActiveCfg = Debug|Any CPU
		{8DE7B2C3-9FCE-41E3-A7AD-1AA4306915A2}.Debug|Any CPU.Build.0 = Debug|Any CPU
		{8DE7B2C3-9FCE-41E3-A7AD-1AA4306915A2}.Release|Any CPU.ActiveCfg = Release|Any CPU
		{8DE7B2C3-9FCE-41E3-A7AD-1AA4306915A2}.Release|Any CPU.Build.0 = Release|Any CPU
		{EE32A62E-A67A-491D-A7A7-01FE414ED30C}.Debug|Any CPU.ActiveCfg = Debug|Any CPU
		{EE32A62E-A67A-491D-A7A7-01FE414ED30C}.Debug|Any CPU.Build.0 = Debug|Any CPU
		{EE32A62E-A67A-491D-A7A7-01FE414ED30C}.Release|Any CPU.ActiveCfg = Release|Any CPU
		{EE32A62E-A67A-491D-A7A7-01FE414ED30C}.Release|Any CPU.Build.0 = Release|Any CPU
	EndGlobalSection
	GlobalSection(SolutionProperties) = preSolution
		HideSolutionNode = FALSE
	EndGlobalSection
	GlobalSection(NestedProjects) = preSolution
		{824EA488-50B0-410B-BB74-B710AE4BD711} = {802FE4FF-CA15-4DAF-94CD-C96E9EBA282F}
		{29DE09C2-77FB-4915-9AB8-28C232289800} = {6A7E828F-7F0C-446A-A521-01A05167EC0C}
		{50B673CA-FF22-4D93-96D0-1EACAC380CB4} = {8736B7F4-DF30-4B81-88B8-12EA80800EA3}
		{DF77D852-A680-47DE-8F83-8B78A90F608A} = {040A178F-C952-47BD-9DA6-8BF4210ABAFA}
		{8DE7B2C3-9FCE-41E3-A7AD-1AA4306915A2} = {040A178F-C952-47BD-9DA6-8BF4210ABAFA}
		{EE32A62E-A67A-491D-A7A7-01FE414ED30C} = {802FE4FF-CA15-4DAF-94CD-C96E9EBA282F}
	EndGlobalSection
EndGlobal
